# THIS IS AN AUTOGENERATED FILE. DO NOT EDIT THIS FILE DIRECTLY.
# yarn lockfile v1


undici@^7.24.5:
  version "7.24.5"
  resolved "https://registry.yarnpkg.com/undici/-/undici-7.24.5.tgz#7debcf5623df2d1cb469b6face01645d9c852ae2"
  integrity sha512-3IWdCpjgxp15CbJnsi/Y9TCDE7HWVN19j1hmzVhoAkY/+CJx449tVxT5wZc1Gwg8J+P0LWvzlBzxYRnHJ+1i7Q==
